# DO NOT EDIT MANUALLY - Managed by Fern Replay
version: "1.0"
generations:
  - commit_sha: 1f3fa4a5895c285e3b658e5672903554d2abec76
    tree_hash: 018107266c5c959cdddbbb2e911bab2a25892076
    timestamp: 2026-10-07T22:17:01.708Z
    cli_version: unknown
    generator_versions: {}
  - commit_sha: 57d10d96854435265de64a2816b7097b90cf8788
    tree_hash: 8f1577a6fdcdea4fc7644ab470a97caca7c86f30
    timestamp: 2026-10-07T22:17:02.231Z
    cli_version: unknown
    generator_versions:
      fernapi/fern-typescript-sdk: 4.4.0
current_generation: 57d10d96854435265de64a2816b7097b90cf8788
patches: []
