# DO NOT EDIT MANUALLY - Managed by Fern Replay
version: "1.0"
generations:
  - commit_sha: 1f3fa4a5895c285e3b658e5672903554d2abec76
    tree_hash: 018107266c5c959cdddbbb2e911bab2a25892076
    timestamp: 2026-10-07T22:17:01.708Z
    cli_version: unknown
    generator_versions: {}
current_generation: 1f3fa4a5895c285e3b658e5672903554d2abec76
patches: []
